[[package]]
name = "certifi"
version = "2021.10.8"
description = "Python package for providing Mozilla's CA Bundle."
category = "main"
optional = false
python-versions = "*"

[[package]]
name = "charset-normalizer"
version = "2.0.12"
description = "The Real First Universal Charset Detector. Open, modern and actively maintained alternative to Chardet."
category = "main"
optional = false
python-versions = ">=3.5.0"

[package.extras]
unicode_backport = ["unicodedata2"]

[[package]]
name = "dazl"
version = "7.6.3"
description = "high-level Ledger API client for Daml ledgers"
category = "main"
optional = false
python-versions = ">=3.6,<4.0"

[package.dependencies]
googleapis_common_protos = ">=1,<2"
grpcio = ">=1.32.0"
protobuf = ">=3.12.0"
requests = "*"
semver = "*"
toposort = "*"
typing_extensions = {version = "*", markers = "python_full_version < \"3.8.0\""}

[package.extras]
oauth = ["google-auth", "oauthlib"]
prometheus = ["prometheus_client"]
pygments = ["pygments"]
server = ["aiohttp"]

[[package]]
name = "googleapis-common-protos"
version = "1.54.0"
description = "Common protobufs used in Google APIs"
category = "main"
optional = false
python-versions = ">=3.6"

[package.dependencies]
protobuf = ">=3.12.0"

[package.extras]
grpc = ["grpcio (>=1.0.0)"]

[[package]]
name = "grpcio"
version = "1.44.0"
description = "HTTP/2-based RPC framework"
category = "main"
optional = false
python-versions = ">=3.6"

[package.dependencies]
six = ">=1.5.2"

[package.extras]
protobuf = ["grpcio-tools (>=1.44.0)"]

[[package]]
name = "idna"
version = "3.3"
description = "Internationalized Domain Names in Applications (IDNA)"
category = "main"
optional = false
python-versions = ">=3.5"

[[package]]
name = "protobuf"
version = "3.19.5"
description = "Protocol Buffers"
category = "main"
optional = false
python-versions = ">=3.5"

[[package]]
name = "requests"
version = "2.27.1"
description = "Python HTTP for Humans."
category = "main"
optional = false
python-versions = ">=2.7, !=3.0.*, !=3.1.*, !=3.2.*, !=3.3.*, !=3.4.*, !=3.5.*"

[package.dependencies]
certifi = ">=2017.4.17"
charset-normalizer = {version = ">=2.0.0,<2.1.0", markers = "python_version >= \"3\""}
idna = {version = ">=2.5,<4", markers = "python_version >= \"3\""}
urllib3 = ">=1.21.1,<1.27"

[package.extras]
socks = ["PySocks (>=1.5.6,!=1.5.7)", "win-inet-pton"]
use_chardet_on_py3 = ["chardet (>=3.0.2,<5)"]

[[package]]
name = "semver"
version = "2.13.0"
description = "Python helper for Semantic Versioning (http://semver.org/)"
category = "main"
optional = false
python-versions = ">=2.7, !=3.0.*, !=3.1.*, !=3.2.*, !=3.3.*"

[[package]]
name = "six"
version = "1.16.0"
description = "Python 2 and 3 compatibility utilities"
category = "main"
optional = false
python-versions = ">=2.7, !=3.0.*, !=3.1.*, !=3.2.*"

[[package]]
name = "toposort"
version = "1.7"
description = "\"Implements a topological sort algorithm.\""
category = "main"
optional = false
python-versions = "*"

[[package]]
name = "typing-extensions"
version = "4.1.1"
description = "Backported and Experimental Type Hints for Python 3.6+"
category = "main"
optional = false
python-versions = ">=3.6"

[[package]]
name = "urllib3"
version = "1.26.8"
description = "HTTP library with thread-safe connection pooling, file post, and more."
category = "main"
optional = false
python-versions = ">=2.7, !=3.0.*, !=3.1.*, !=3.2.*, !=3.3.*, !=3.4.*, <4"

[package.extras]
brotli = ["brotlipy (>=0.6.0)"]
secure = ["certifi", "cryptography (>=1.3.4)", "idna (>=2.0.0)", "ipaddress", "pyOpenSSL (>=0.14)"]
socks = ["PySocks (>=1.5.6,!=1.5.7,<2.0)"]

[metadata]
lock-version = "1.1"
python-versions = "^3.7"
content-hash = "1ca601478221b9dffd30a84c4457ae97c96d9392ad33fd62b6bdbd86c0ef674b"

[metadata.files]
certifi = [
    {file = "certifi-2021.10.8-py2.py3-none-any.whl", hash = "sha256:d62a0163eb4c2344ac042ab2bdf75399a71a2d8c7d47eac2e2ee91b9d6339569"},
    {file = "certifi-2021.10.8.tar.gz", hash = "sha256:78884e7c1d4b00ce3cea67b44566851c4343c120abd683433ce934a68ea58872"},
]
charset-normalizer = [
    {file = "charset-normalizer-2.0.12.tar.gz", hash = "sha256:2857e29ff0d34db842cd7ca3230549d1a697f96ee6d3fb071cfa6c7393832597"},
    {file = "charset_normalizer-2.0.12-py3-none-any.whl", hash = "sha256:6881edbebdb17b39b4eaaa821b438bf6eddffb4468cf344f09f89def34a8b1df"},
]
dazl = [
    {file = "dazl-7.6.3-py3-none-any.whl", hash = "sha256:2c5c97e0944d11350acfc9e1ef07f8b4bf4d342bd10daf74c841e1df6fb0e42c"},
    {file = "dazl-7.6.3.tar.gz", hash = "sha256:393f003fc0ba29a2b15f753fc0ee84fa15346ef55f7925efd1f372d4fffc5464"},
]
googleapis-common-protos = [
    {file = "googleapis-common-protos-1.54.0.tar.gz", hash = "sha256:a4031d6ec6c2b1b6dc3e0be7e10a1bd72fb0b18b07ef9be7b51f2c1004ce2437"},
    {file = "googleapis_common_protos-1.54.0-py2.py3-none-any.whl", hash = "sha256:e54345a2add15dc5e1a7891c27731ff347b4c33765d79b5ed7026a6c0c7cbcae"},
]
grpcio = [
    {file = "grpcio-1.44.0-cp310-cp310-linux_armv7l.whl", hash = "sha256:11f811c0fffd84fca747fbc742464575e5eb130fd4fb4d6012ccc34febd001db"},
    {file = "grpcio-1.44.0-cp310-cp310-macosx_10_10_universal2.whl", hash = "sha256:9a86a91201f8345502ea81dee0a55ae13add5fafadf109b17acd858fe8239651"},
    {file = "grpcio-1.44.0-cp310-cp310-manylinux_2_17_aarch64.whl", hash = "sha256:5f3c54ebb5d9633a557335c01d88d3d4928e9b1b131692283b6184da1edbec0b"},
    {file = "grpcio-1.44.0-cp310-cp310-manylinux_2_17_i686.manylinux2014_i686.whl", hash = "sha256:3d47553b8e86ab1e59b0185ba6491a187f94a0239f414c8fc867a22b0405b798"},
    {file = "grpcio-1.44.0-cp310-cp310-manylinux_2_17_x86_64.manylinux2014_x86_64.whl", hash = "sha256:d1e22d3a510438b7f3365c0071b810672d09febac6e8ca8a47eab657ae5f347b"},
    {file = "grpcio-1.44.0-cp310-cp310-win32.whl", hash = "sha256:41036a574cab3468f24d41d6ed2b52588fb85ed60f8feaa925d7e424a250740b"},
    {file = "grpcio-1.44.0-cp310-cp310-win_amd64.whl", hash = "sha256:4ee51964edfd0a1293a95bb0d72d134ecf889379d90d2612cbf663623ce832b4"},
    {file = "grpcio-1.44.0-cp36-cp36m-linux_armv7l.whl", hash = "sha256:e2149077d71e060678130644670389ddf1491200bcea16c5560d4ccdc65e3f2e"},
    {file = "grpcio-1.44.0-cp36-cp36m-macosx_10_10_x86_64.whl", hash = "sha256:0ac72d4b953b76924f8fa21436af060d7e6d8581e279863f30ee14f20751ac27"},
    {file = "grpcio-1.44.0-cp36-cp36m-manylinux2010_i686.whl", hash = "sha256:5c30a9a7d3a05920368a60b080cbbeaf06335303be23ac244034c71c03a0fd24"},
    {file = "grpcio-1.44.0-cp36-cp36m-manylinux2010_x86_64.whl", hash = "sha256:05467acd391e3fffb05991c76cb2ed2fa1309d0e3815ac379764bc5670b4b5d4"},
    {file = "grpcio-1.44.0-cp36-cp36m-manylinux_2_17_aarch64.whl", hash = "sha256:b81dc7894062ed2d25b74a2725aaa0a6895ce97ce854f432fe4e87cad5a07316"},
    {file = "grpcio-1.44.0-cp36-cp36m-manylinux_2_17_i686.manylinux2014_i686.whl", hash = "sha256:46d4843192e7d36278884282e100b8f305cf37d1b3d8c6b4f736d4454640a069"},
    {file = "grpcio-1.44.0-cp36-cp36m-manylinux_2_17_x86_64.manylinux2014_x86_64.whl", hash = "sha256:898c159148f27e23c08a337fb80d31ece6b76bb24f359d83929460d813665b74"},
    {file = "grpcio-1.44.0-cp36-cp36m-win32.whl", hash = "sha256:b8d852329336c584c636caa9c2db990f3a332b19bc86a80f4646b58d27c142db"},
    {file = "grpcio-1.44.0-cp36-cp36m-win_amd64.whl", hash = "sha256:790d7493337558ae168477d1be3178f4c9b8f91d8cd9b8b719d06fd9b2d48836"},
    {file = "grpcio-1.44.0-cp37-cp37m-linux_armv7l.whl", hash = "sha256:cd61b52d9cf8fcf8d9628c0b640b9e44fdc5e93d989cc268086a858540ed370c"},
    {file = "grpcio-1.44.0-cp37-cp37m-macosx_10_10_x86_64.whl", hash = "sha256:14eefcf623890f3f7dd7831decd2a2116652b5ce1e0f1d4b464b8f52110743b0"},
    {file = "grpcio-1.44.0-cp37-cp37m-manylinux2010_i686.whl", hash = "sha256:bebe90b8020b4248e5a2076b56154cc6ff45691bbbe980579fc9db26717ac968"},
    {file = "grpcio-1.44.0-cp37-cp37m-manylinux2010_x86_64.whl", hash = "sha256:89b390b1c0de909965280d175c53128ce2f0f4f5c0f011382243dd7f2f894060"},
    {file = "grpcio-1.44.0-cp37-cp37m-manylinux_2_17_aarch64.whl", hash = "sha256:c122dac5cb299b8ad7308d61bd9fe0413de13b0347cce465398436b3fdf1f609"},
    {file = "grpcio-1.44.0-cp37-cp37m-manylinux_2_17_i686.manylinux2014_i686.whl", hash = "sha256:6641a28cc826a92ef717201cca9a035c34a0185e38b0c93f3ce5f01a01a1570a"},
    {file = "grpcio-1.44.0-cp37-cp37m-manylinux_2_17_x86_64.manylinux2014_x86_64.whl", hash = "sha256:fdb0a3e0e64843441793923d9532a3a23907b07b2a1e0a7a31f186dc185bb772"},
    {file = "grpcio-1.44.0-cp37-cp37m-win32.whl", hash = "sha256:be857b7ec2ac43455156e6ba89262f7d7ae60227049427d01a3fecd218a3f88d"},
    {file = "grpcio-1.44.0-cp37-cp37m-win_amd64.whl", hash = "sha256:f6a9cf0e77f72f2ac30c9c6e086bc7446c984c51bebc6c7f50fbcd718037edba"},
    {file = "grpcio-1.44.0-cp38-cp38-linux_armv7l.whl", hash = "sha256:19e54f0c7083c8332b5a75a9081fc5127f1dbb67b6c1a32bd7fe896ef0934918"},
    {file = "grpcio-1.44.0-cp38-cp38-macosx_10_10_x86_64.whl", hash = "sha256:bfd36b959c3c4e945119387baed1414ea46f7116886aa23de0172302b49d7ff1"},
    {file = "grpcio-1.44.0-cp38-cp38-manylinux2010_i686.whl", hash = "sha256:ccd388b8f37b19d06e4152189726ce309e36dc03b53f2216a4ea49f09a7438e6"},
    {file = "grpcio-1.44.0-cp38-cp38-manylinux2010_x86_64.whl", hash = "sha256:9075c0c003c1ff14ebce8f0ba55cc692158cb55c68da09cf8b0f9fc5b749e343"},
    {file = "grpcio-1.44.0-cp38-cp38-manylinux_2_17_aarch64.whl", hash = "sha256:e898194f76212facbaeb6d7545debff29351afa23b53ff8f0834d66611af5139"},
    {file = "grpcio-1.44.0-cp38-cp38-manylinux_2_17_i686.manylinux2014_i686.whl", hash = "sha256:8fa6584046a7cf281649975a363673fa5d9c6faf9dc923f261cc0e56713b5892"},
    {file = "grpcio-1.44.0-cp38-cp38-manylinux_2_17_x86_64.manylinux2014_x86_64.whl", hash = "sha256:36a7bdd6ef9bca050c7ade8cba5f0e743343ea0756d5d3d520e915098a9dc503"},
    {file = "grpcio-1.44.0-cp38-cp38-win32.whl", hash = "sha256:dc3290d0411ddd2bd49adba5793223de8de8b01588d45e9376f1a9f7d25414f4"},
    {file = "grpcio-1.44.0-cp38-cp38-win_amd64.whl", hash = "sha256:13343e7b840c20f43b44f0e6d3bbdc037c964f0aec9735d7cb685c407731c9ff"},
    {file = "grpcio-1.44.0-cp39-cp39-linux_armv7l.whl", hash = "sha256:c5c2f8417d13386e18ccc8c61467cb6a6f9667a1ff7000a2d7d378e5d7df693f"},
    {file = "grpcio-1.44.0-cp39-cp39-macosx_10_10_x86_64.whl", hash = "sha256:cf220199b7b4992729ad4d55d5d3f652f4ccfe1a35b5eacdbecf189c245e1859"},
    {file = "grpcio-1.44.0-cp39-cp39-manylinux2010_i686.whl", hash = "sha256:4201c597e5057a9bfef9ea5777a6d83f6252cb78044db7d57d941ec2300734a5"},
    {file = "grpcio-1.44.0-cp39-cp39-manylinux2010_x86_64.whl", hash = "sha256:e2de61005118ae59d48d5d749283ebfd1ba4ca68cc1000f8a395cd2bdcff7ceb"},
    {file = "grpcio-1.44.0-cp39-cp39-manylinux_2_17_aarch64.whl", hash = "sha256:871078218fa9117e2a378678f327e32fda04e363ed6bc0477275444273255d4d"},
    {file = "grpcio-1.44.0-cp39-cp39-manylinux_2_17_i686.manylinux2014_i686.whl", hash = "sha256:a8d610b7b557a7609fecee80b6dd793ecb7a9a3c3497fbdce63ce7d151cdd705"},
    {file = "grpcio-1.44.0-cp39-cp39-manylinux_2_17_x86_64.manylinux2014_x86_64.whl", hash = "sha256:4fcb53e4eb8c271032c91b8981df5fc1bb974bc73e306ec2c27da41bd95c44b5"},
    {file = "grpcio-1.44.0-cp39-cp39-win32.whl", hash = "sha256:e50ddea6de76c09b656df4b5a55ae222e2a56e625c44250e501ff3c904113ec1"},
    {file = "grpcio-1.44.0-cp39-cp39-win_amd64.whl", hash = "sha256:d2ec124a986093e26420a5fb10fa3f02b2c232f924cdd7b844ddf7e846c020cd"},
    {file = "grpcio-1.44.0.tar.gz", hash = "sha256:4bae1c99896045d3062ab95478411c8d5a52cb84b91a1517312629fa6cfeb50e"},
]
idna = [
    {file = "idna-3.3-py3-none-any.whl", hash = "sha256:84d9dd047ffa80596e0f246e2eab0b391788b0503584e8945f2368256d2735ff"},
    {file = "idna-3.3.tar.gz", hash = "sha256:9d643ff0a55b762d5cdb124b8eaa99c66322e2157b69160bc32796e824360e6d"},
]
protobuf = [
    {file = "protobuf-3.19.5-cp310-cp310-macosx_10_9_universal2.whl", hash = "sha256:6eca9ae238ba615d702387a2ddea635d535d769994a9968c09a4ca920c487ab9"},
    {file = "protobuf-3.19.5-cp310-cp310-manylinux2014_aarch64.whl", hash = "sha256:f2b599a21c9a32e171ec29a2ac54e03297736c578698e11b099d031f79da114b"},
    {file = "protobuf-3.19.5-cp310-cp310-manylinux_2_17_x86_64.manylinux2014_x86_64.whl", hash = "sha256:f976234e20ab2785f54224bcdafa027674e23663b132fa3ca0caa291a6cfbde7"},
    {file = "protobuf-3.19.5-cp310-cp310-win32.whl", hash = "sha256:4ee2af7051d3b10c8a4fe6fd1a2c69f201fea36aeee7086cf202a692e1b99ee1"},
    {file = "protobuf-3.19.5-cp310-cp310-win_amd64.whl", hash = "sha256:dca2284378a5f2a86ffed35c6ac147d14c48b525eefcd1083e5a9ce28dfa8657"},
    {file = "protobuf-3.19.5-cp36-cp36m-macosx_10_9_x86_64.whl", hash = "sha256:c0f80876a8ff0ae7064084ed094eb86497bd5a3812e6fc96a05318b92301674e"},
    {file = "protobuf-3.19.5-cp36-cp36m-manylinux_2_17_x86_64.manylinux2014_x86_64.whl", hash = "sha256:3c4160b601220627f7e91154e572baf5e161a9c3f445a8242d536ee3d0b7b17c"},
    {file = "protobuf-3.19.5-cp36-cp36m-win32.whl", hash = "sha256:f2bde37667b18c2b5280df83bc799204394a5d2d774e4deaf9de0eb741df6833"},
    {file = "protobuf-3.19.5-cp36-cp36m-win_amd64.whl", hash = "sha256:1867f93b06a183f87696871bb8d1e99ee71dbb69d468ce1f0cc8bf3d30f982f3"},
    {file = "protobuf-3.19.5-cp37-cp37m-macosx_10_9_x86_64.whl", hash = "sha256:a89aa0c042e61e11ade320b802d6db4ee5391d8d973e46d3a48172c1597789f8"},
    {file = "protobuf-3.19.5-cp37-cp37m-manylinux2014_aarch64.whl", hash = "sha256:f9cebda093c2f6bfed88f1c17cdade09d4d96096421b344026feee236532d4de"},
    {file = "protobuf-3.19.5-cp37-cp37m-manylinux_2_17_x86_64.manylinux2014_x86_64.whl", hash = "sha256:67efb5d20618020aa9596e17bfc37ca068c28ec0c1507d9507f73c93d46c9855"},
    {file = "protobuf-3.19.5-cp37-cp37m-win32.whl", hash = "sha256:950abd6c00e7b51f87ae8b18a0ce4d69fea217f62f171426e77de5061f6d9850"},
    {file = "protobuf-3.19.5-cp37-cp37m-win_amd64.whl", hash = "sha256:d3973a2d58aefc7d1230725c2447ce7f86a71cbc094b86a77c6ee1505ac7cdb1"},
    {file = "protobuf-3.19.5-cp38-cp38-macosx_10_9_x86_64.whl", hash = "sha256:9e1d74032f56ff25f417cfe84c8147047732e5059137ca42efad20cbbd25f5e0"},
    {file = "protobuf-3.19.5-cp38-cp38-manylinux2014_aarch64.whl", hash = "sha256:d249519ba5ecf5dd6b18150c9b6bcde510b273714b696f3923ff8308fc11ae49"},
    {file = "protobuf-3.19.5-cp38-cp38-manylinux_2_17_x86_64.manylinux2014_x86_64.whl", hash = "sha256:9f957ef53e872d58a0afd3bf6d80d48535d28c99b40e75e6634cbc33ea42fd54"},
    {file = "protobuf-3.19.5-cp38-cp38-win32.whl", hash = "sha256:5470f892961af464ae6eaf0f3099e2c1190ae8c7f36f174b89491281341f79ca"},
    {file = "protobuf-3.19.5-cp38-cp38-win_amd64.whl", hash = "sha256:c44e3282cff74ad18c7e8a0375f407f69ee50c2116364b44492a196293e08b21"},
    {file = "protobuf-3.19.5-cp39-cp39-macosx_10_9_x86_64.whl", hash = "sha256:66d14b5b90090353efe75c9fb1bf65ef7267383034688d255b500822e37d5c2f"},
    {file = "protobuf-3.19.5-cp39-cp39-manylinux2014_aarch64.whl", hash = "sha256:f4f909f4dde413dec435a44b0894956d55bb928ded7d6e3c726556ca4c796e84"},
    {file = "protobuf-3.19.5-cp39-cp39-manylinux_2_17_x86_64.manylinux2014_x86_64.whl", hash = "sha256:5266c36cc0af3bb3dbf44f199d225b33da66a9a5c3bdc2b14865ad10eddf0e37"},
    {file = "protobuf-3.19.5-cp39-cp39-win32.whl", hash = "sha256:6a02172b9650f819d01fb8e224fc69b0706458fc1ab4f1c669281243c71c1a5e"},
    {file = "protobuf-3.19.5-cp39-cp39-win_amd64.whl", hash = "sha256:696e6cfab94cc15a14946f2bf72719dced087d437adbd994fff34f38986628bc"},
    {file = "protobuf-3.19.5-py2.py3-none-any.whl", hash = "sha256:9e42b1cf2ecd8a1bd161239e693f22035ba99905ae6d7efeac8a0546c7ec1a27"},
    {file = "protobuf-3.19.5.tar.gz", hash = "sha256:e63b0b3c42e51c94add62b010366cd4979cb6d5f06158bcae8faac4c294f91e1"},
]
requests = [
    {file = "requests-2.27.1-py2.py3-none-any.whl", hash = "sha256:f22fa1e554c9ddfd16e6e41ac79759e17be9e492b3587efa038054674760e72d"},
    {file = "requests-2.27.1.tar.gz", hash = "sha256:68d7c56fd5a8999887728ef304a6d12edc7be74f1cfa47714fc8b414525c9a61"},
]
semver = [
    {file = "semver-2.13.0-py2.py3-none-any.whl", hash = "sha256:ced8b23dceb22134307c1b8abfa523da14198793d9787ac838e70e29e77458d4"},
    {file = "semver-2.13.0.tar.gz", hash = "sha256:fa0fe2722ee1c3f57eac478820c3a5ae2f624af8264cbdf9000c980ff7f75e3f"},
]
six = [
    {file = "six-1.16.0-py2.py3-none-any.whl", hash = "sha256:8abb2f1d86890a2dfb989f9a77cfcfd3e47c2a354b01111771326f8aa26e0254"},
    {file = "six-1.16.0.tar.gz", hash = "sha256:1e61c37477a1626458e36f7b1d82aa5c9b094fa4802892072e49de9c60c4c926"},
]
toposort = [
    {file = "toposort-1.7-py2.py3-none-any.whl", hash = "sha256:8ed8e109e96ae30bf66da2d2155e4eb9989d9c5c743c837e37d9774a4eddd804"},
    {file = "toposort-1.7.tar.gz", hash = "sha256:ddc2182c42912a440511bd7ff5d3e6a1cabc3accbc674a3258c8c41cbfbb2125"},
]
typing-extensions = [
    {file = "typing_extensions-4.1.1-py3-none-any.whl", hash = "sha256:21c85e0fe4b9a155d0799430b0ad741cdce7e359660ccbd8b530613e8df88ce2"},
    {file = "typing_extensions-4.1.1.tar.gz", hash = "sha256:1a9462dcc3347a79b1f1c0271fbe79e844580bb598bafa1ed208b94da3cdcd42"},
]
urllib3 = [
    {file = "urllib3-1.26.8-py2.py3-none-any.whl", hash = "sha256:000ca7f471a233c2251c6c7023ee85305721bfdf18621ebff4fd17a8653427ed"},
    {file = "urllib3-1.26.8.tar.gz", hash = "sha256:0e7c33d9a63e7ddfcb86780aac87befc2fbddf46c58dbb487e0855f7ceec283c"},
]
