{
    "_meta": {
        "hash": {
            "sha256": "8182d15d198a5cda682d576d4fe4ec2bcdb6813ff0dac72cff3af87624e7d17a"
        },
        "pipfile-spec": 6,
        "requires": {
            "python_version": "3.7"
        },
        "sources": [
            {
                "name": "pypi",
                "url": "https://pypi.org/simple",
                "verify_ssl": true
            }
        ]
    },
    "default": {
        "dazl": {
            "editable": true,
            "path": "./../../../../python"
        }
    },
    "develop": {}
}
